
Microsoft Visual Studio Solution File, Format Version 12.00
# Visual Studio Version 17
VisualStudioVersion = 17.11.35327.3
MinimumVisualStudioVersion = 10.0.40219.1
Project("{888888A0-9F3D-457C-B088-3A5042F75D52}") = "Client", "Client\Client.pyproj", "{314320E0-D68A-4CD9-B3C4-E625FC66C61B}"
EndProject
Project("{8BC9CEB8-8B4A-11D0-8D11-00A0C91BC942}") = "Server2", "Server2\Server2.vcxproj", "{1890686C-8AA1-421A-B9F7-41B802D285D9}"
EndProject
Global
	GlobalSection(SolutionConfigurationPlatforms) = preSolution
		Debug|Any CPU = Debug|Any CPU
		Debug|x64 = Debug|x64
		Debug|x86 = Debug|x86
		Release|Any CPU = Release|Any CPU
		Release|x64 = Release|x64
		Release|x86 = Release|x86
	EndGlobalSection
	GlobalSection(ProjectConfigurationPlatforms) = postSolution
		{314320E0-D68A-4CD9-B3C4-E625FC66C61B}.Debug|Any CPU.ActiveCfg = Debug|Any CPU
		{314320E0-D68A-4CD9-B3C4-E625FC66C61B}.Debug|x64.ActiveCfg = Debug|Any CPU
		{314320E0-D68A-4CD9-B3C4-E625FC66C61B}.Debug|x86.ActiveCfg = Debug|Any CPU
		{314320E0-D68A-4CD9-B3C4-E625FC66C61B}.Release|Any CPU.ActiveCfg = Release|Any CPU
		{314320E0-D68A-4CD9-B3C4-E625FC66C61B}.Release|x64.ActiveCfg = Release|Any CPU
		{314320E0-D68A-4CD9-B3C4-E625FC66C61B}.Release|x86.ActiveCfg = Release|Any CPU
		{1890686C-8AA1-421A-B9F7-41B802D285D9}.Debug|Any CPU.ActiveCfg = Debug|x64
		{1890686C-8AA1-421A-B9F7-41B802D285D9}.Debug|Any CPU.Build.0 = Debug|x64
		{1890686C-8AA1-421A-B9F7-41B802D285D9}.Debug|x64.ActiveCfg = Debug|x64
		{1890686C-8AA1-421A-B9F7-41B802D285D9}.Debug|x64.Build.0 = Debug|x64
		{1890686C-8AA1-421A-B9F7-41B802D285D9}.Debug|x86.ActiveCfg = Debug|Win32
		{1890686C-8AA1-421A-B9F7-41B802D285D9}.Debug|x86.Build.0 = Debug|Win32
		{1890686C-8AA1-421A-B9F7-41B802D285D9}.Release|Any CPU.ActiveCfg = Release|x64
		{1890686C-8AA1-421A-B9F7-41B802D285D9}.Release|Any CPU.Build.0 = Release|x64
		{1890686C-8AA1-421A-B9F7-41B802D285D9}.Release|x64.ActiveCfg = Release|x64
		{1890686C-8AA1-421A-B9F7-41B802D285D9}.Release|x64.Build.0 = Release|x64
		{1890686C-8AA1-421A-B9F7-41B802D285D9}.Release|x86.ActiveCfg = Release|Win32
		{1890686C-8AA1-421A-B9F7-41B802D285D9}.Release|x86.Build.0 = Release|Win32
	EndGlobalSection
	GlobalSection(SolutionProperties) = preSolution
		HideSolutionNode = FALSE
	EndGlobalSection
	GlobalSection(ExtensibilityGlobals) = postSolution
		SolutionGuid = {9779BD7D-52CE-44A1-8C68-0234055FBD67}
	EndGlobalSection
EndGlobal
